
Microsoft Visual Studio Solution File, Format Version 12.00
# Visual Studio 2012
Project("{FAE04EC0-301F-11D3-BF4B-00C04F79EFBC}") = "CardGameEngine", "CardGameEngine\CardGameEngine.csproj", "{972E3D21-2956-40D4-B6BD-BD82034581A1}"
EndProject
Project("{FAE04EC0-301F-11D3-BF4B-00C04F79EFBC}") = "CardGameEngineTests", "CardGameEngineTests\CardGameEngineTests.csproj", "{65876923-524D-47FD-82B8-FE227EEFF914}"
EndProject
Global
	GlobalSection(SolutionConfigurationPlatforms) = preSolution
		Debug|Any CPU = Debug|Any CPU
		Release|Any CPU = Release|Any CPU
	EndGlobalSection
	GlobalSection(ProjectConfigurationPlatforms) = postSolution
		{972E3D21-2956-40D4-B6BD-BD82034581A1}.Debug|Any CPU.ActiveCfg = Debug|Any CPU
		{972E3D21-2956-40D4-B6BD-BD82034581A1}.Debug|Any CPU.Build.0 = Debug|Any CPU
		{972E3D21-2956-40D4-B6BD-BD82034581A1}.Release|Any CPU.ActiveCfg = Release|Any CPU
		{972E3D21-2956-40D4-B6BD-BD82034581A1}.Release|Any CPU.Build.0 = Release|Any CPU
		{65876923-524D-47FD-82B8-FE227EEFF914}.Debug|Any CPU.ActiveCfg = Debug|Any CPU
		{65876923-524D-47FD-82B8-FE227EEFF914}.Debug|Any CPU.Build.0 = Debug|Any CPU
		{65876923-524D-47FD-82B8-FE227EEFF914}.Release|Any CPU.ActiveCfg = Release|Any CPU
		{65876923-524D-47FD-82B8-FE227EEFF914}.Release|Any CPU.Build.0 = Release|Any CPU
	EndGlobalSection
EndGlobal
